
Microsoft Visual Studio Solution File, Format Version 12.00
# Visual Studio 2013
VisualStudioVersion = 12.0.30723.0
MinimumVisualStudioVersion = 10.0.40219.1
Project("{2150E333-8FDC-42A3-9474-1A3956D46DE8}") = "Solution Items", "Solution Items", "{19E2834E-3CD3-420D-ADE1-FC9A75E67E04}"
	ProjectSection(SolutionItems) = preProject
		README.md = README.md
		ReleaseNotes.md = ReleaseNotes.md
	EndProjectSection
EndProject
Project("{FAE04EC0-301F-11D3-BF4B-00C04F79EFBC}") = "Ninject.MockingKernel", "src\Ninject.MockingKernel\Ninject.MockingKernel.csproj", "{C0CFA4C0-1B4D-4011-94F2-7DB1CF98D67D}"
EndProject
Project("{FAE04EC0-301F-11D3-BF4B-00C04F79EFBC}") = "Ninject.MockingKernel.Test", "src\Ninject.MockingKernel.Test\Ninject.MockingKernel.Test.csproj", "{40A61F8C-1982-45A8-9DDB-9509F41DB6D7}"
EndProject
Project("{FAE04EC0-301F-11D3-BF4B-00C04F79EFBC}") = "Ninject.MockingKernel.Moq", "src\Ninject.MockingKernel.Moq\Ninject.MockingKernel.Moq.csproj", "{E2AB8BFC-08D4-4996-A034-8FDE4704C9A3}"
EndProject
Project("{FAE04EC0-301F-11D3-BF4B-00C04F79EFBC}") = "Ninject.MockingKernel.Moq.Test", "src\Ninject.MockingKernel.Moq.Test\Ninject.MockingKernel.Moq.Test.csproj", "{3644F8BE-C266-4236-813C-B7056E91200B}"
EndProject
Project("{FAE04EC0-301F-11D3-BF4B-00C04F79EFBC}") = "Ninject.MockingKernel.RhinoMocks", "src\Ninject.MockingKernel.RhinoMock\Ninject.MockingKernel.RhinoMocks.csproj", "{A5C663D7-2943-4BF4-9B08-567FA04CC3AD}"
EndProject
Project("{FAE04EC0-301F-11D3-BF4B-00C04F79EFBC}") = "Ninject.MockingKernel.RhinoMocks.Test", "src\Ninject.MockingKernel.RhinoMock.Test\Ninject.MockingKernel.RhinoMocks.Test.csproj", "{8BD4FA63-ACBA-430F-80FB-DA86AAF53F58}"
EndProject
Project("{FAE04EC0-301F-11D3-BF4B-00C04F79EFBC}") = "Ninject.MockingKernel.SilverlightTests", "src\Ninject.MockingKernel.SilverlightTests\Ninject.MockingKernel.SilverlightTests.csproj", "{949002CF-F181-4E7C-B8A1-8233A2159074}"
EndProject
Project("{FAE04EC0-301F-11D3-BF4B-00C04F79EFBC}") = "Ninject.MockingKernel.NSubstitute", "src\Ninject.MockingKernel.NSubstitute\Ninject.MockingKernel.NSubstitute.csproj", "{5C36A6ED-BFD9-4181-96ED-FED4D0E1E6F5}"
EndProject
Project("{FAE04EC0-301F-11D3-BF4B-00C04F79EFBC}") = "Ninject.MockingKernel.NSubstitute.Test", "src\Ninject.MockingKernel.NSubstitute.Test\Ninject.MockingKernel.NSubstitute.Test.csproj", "{DFCD85F9-31D7-4DDF-BEBE-5287B727AF37}"
EndProject
Global
	GlobalSection(SolutionConfigurationPlatforms) = preSolution
		Debug|Any CPU = Debug|Any CPU
		Release|Any CPU = Release|Any CPU
	EndGlobalSection
	GlobalSection(ProjectConfigurationPlatforms) = postSolution
		{C0CFA4C0-1B4D-4011-94F2-7DB1CF98D67D}.Debug|Any CPU.ActiveCfg = Debug|Any CPU
		{C0CFA4C0-1B4D-4011-94F2-7DB1CF98D67D}.Debug|Any CPU.Build.0 = Debug|Any CPU
		{C0CFA4C0-1B4D-4011-94F2-7DB1CF98D67D}.Release|Any CPU.ActiveCfg = Release|Any CPU
		{C0CFA4C0-1B4D-4011-94F2-7DB1CF98D67D}.Release|Any CPU.Build.0 = Release|Any CPU
		{40A61F8C-1982-45A8-9DDB-9509F41DB6D7}.Debug|Any CPU.ActiveCfg = Debug|Any CPU
		{40A61F8C-1982-45A8-9DDB-9509F41DB6D7}.Debug|Any CPU.Build.0 = Debug|Any CPU
		{40A61F8C-1982-45A8-9DDB-9509F41DB6D7}.Release|Any CPU.ActiveCfg = Release|Any CPU
		{40A61F8C-1982-45A8-9DDB-9509F41DB6D7}.Release|Any CPU.Build.0 = Release|Any CPU
		{E2AB8BFC-08D4-4996-A034-8FDE4704C9A3}.Debug|Any CPU.ActiveCfg = Debug|Any CPU
		{E2AB8BFC-08D4-4996-A034-8FDE4704C9A3}.Debug|Any CPU.Build.0 = Debug|Any CPU
		{E2AB8BFC-08D4-4996-A034-8FDE4704C9A3}.Release|Any CPU.ActiveCfg = Release|Any CPU
		{E2AB8BFC-08D4-4996-A034-8FDE4704C9A3}.Release|Any CPU.Build.0 = Release|Any CPU
		{3644F8BE-C266-4236-813C-B7056E91200B}.Debug|Any CPU.ActiveCfg = Debug|Any CPU
		{3644F8BE-C266-4236-813C-B7056E91200B}.Debug|Any CPU.Build.0 = Debug|Any CPU
		{3644F8BE-C266-4236-813C-B7056E91200B}.Release|Any CPU.ActiveCfg = Release|Any CPU
		{3644F8BE-C266-4236-813C-B7056E91200B}.Release|Any CPU.Build.0 = Release|Any CPU
		{A5C663D7-2943-4BF4-9B08-567FA04CC3AD}.Debug|Any CPU.ActiveCfg = Debug|Any CPU
		{A5C663D7-2943-4BF4-9B08-567FA04CC3AD}.Debug|Any CPU.Build.0 = Debug|Any CPU
		{A5C663D7-2943-4BF4-9B08-567FA04CC3AD}.Release|Any CPU.ActiveCfg = Release|Any CPU
		{A5C663D7-2943-4BF4-9B08-567FA04CC3AD}.Release|Any CPU.Build.0 = Release|Any CPU
		{8BD4FA63-ACBA-430F-80FB-DA86AAF53F58}.Debug|Any CPU.ActiveCfg = Debug|Any CPU
		{8BD4FA63-ACBA-430F-80FB-DA86AAF53F58}.Debug|Any CPU.Build.0 = Debug|Any CPU
		{8BD4FA63-ACBA-430F-80FB-DA86AAF53F58}.Release|Any CPU.ActiveCfg = Release|Any CPU
		{8BD4FA63-ACBA-430F-80FB-DA86AAF53F58}.Release|Any CPU.Build.0 = Release|Any CPU
		{949002CF-F181-4E7C-B8A1-8233A2159074}.Debug|Any CPU.ActiveCfg = Debug|Any CPU
		{949002CF-F181-4E7C-B8A1-8233A2159074}.Debug|Any CPU.Build.0 = Debug|Any CPU
		{949002CF-F181-4E7C-B8A1-8233A2159074}.Release|Any CPU.ActiveCfg = Release|Any CPU
		{949002CF-F181-4E7C-B8A1-8233A2159074}.Release|Any CPU.Build.0 = Release|Any CPU
		{5C36A6ED-BFD9-4181-96ED-FED4D0E1E6F5}.Debug|Any CPU.ActiveCfg = Debug|Any CPU
		{5C36A6ED-BFD9-4181-96ED-FED4D0E1E6F5}.Debug|Any CPU.Build.0 = Debug|Any CPU
		{5C36A6ED-BFD9-4181-96ED-FED4D0E1E6F5}.Release|Any CPU.ActiveCfg = Release|Any CPU
		{5C36A6ED-BFD9-4181-96ED-FED4D0E1E6F5}.Release|Any CPU.Build.0 = Release|Any CPU
		{DFCD85F9-31D7-4DDF-BEBE-5287B727AF37}.Debug|Any CPU.ActiveCfg = Debug|Any CPU
		{DFCD85F9-31D7-4DDF-BEBE-5287B727AF37}.Debug|Any CPU.Build.0 = Debug|Any CPU
		{DFCD85F9-31D7-4DDF-BEBE-5287B727AF37}.Release|Any CPU.ActiveCfg = Release|Any CPU
		{DFCD85F9-31D7-4DDF-BEBE-5287B727AF37}.Release|Any CPU.Build.0 = Release|Any CPU
	EndGlobalSection
	GlobalSection(SolutionProperties) = preSolution
		HideSolutionNode = FALSE
	EndGlobalSection
EndGlobal
